# THIS IS AN AUTOGENERATED FILE. DO NOT EDIT THIS FILE DIRECTLY.
# yarn lockfile v1


"@rails/actioncable@6.1.4-1":
  version "6.1.4-1"
  resolved "https://registry.nlark.com/@rails/actioncable/download/@rails/actioncable-6.1.4-1.tgz#69982e7f352d732f71fda0cc01b7ba8269c9945b"
  integrity sha1-aZgufzUtcy9x/aDMAbe6gmnJlFs=

"@rails/activestorage@6.1.4-1":
  version "6.1.4-1"
  resolved "https://registry.nlark.com/@rails/activestorage/download/@rails/activestorage-6.1.4-1.tgz#5088854f536716c54566b530a97491d4b885528f"
  integrity sha1-UIiFT1NnFsVFZrUwqXSR1LiFUo8=
  dependencies:
    spark-md5 "^3.0.0"

"@rails/ujs@6.1.4-1":
  version "6.1.4-1"
  resolved "https://registry.nlark.com/@rails/ujs/download/@rails/ujs-6.1.4-1.tgz#37507fe288a1c7c3a593602aa4dea42e5cb5797f"
  integrity sha1-N1B/4oihx8Olk2AqpN6kLly1eX8=

spark-md5@^3.0.0:
  version "3.0.1"
  resolved "https://registry.npm.taobao.org/spark-md5/download/spark-md5-3.0.1.tgz#83a0e255734f2ab4e5c466e5a2cfc9ba2aa2124d"
  integrity sha1-g6DiVXNPKrTlxGblos/JuiqiEk0=
